
Microsoft Visual Studio Solution File, Format Version 12.00
# Visual Studio Version 16
VisualStudioVersion = 16.0.30523.141
MinimumVisualStudioVersion = 10.0.40219.1
Project("{FAE04EC0-301F-11D3-BF4B-00C04F79EFBC}") = "Count Words in a Text File [Part 1] Open File Dialog Box20201030", "Count Words in a Text File [Part 1] Open File Dialog Box20201030.csproj", "{C8538C05-31BD-417C-85DC-F4B3FB060680}"
EndProject
Global
	GlobalSection(SolutionConfigurationPlatforms) = preSolution
		Debug|Any CPU = Debug|Any CPU
		Release|Any CPU = Release|Any CPU
	EndGlobalSection
	GlobalSection(ProjectConfigurationPlatforms) = postSolution
		{C8538C05-31BD-417C-85DC-F4B3FB060680}.Debug|Any CPU.ActiveCfg = Debug|Any CPU
		{C8538C05-31BD-417C-85DC-F4B3FB060680}.Debug|Any CPU.Build.0 = Debug|Any CPU
		{C8538C05-31BD-417C-85DC-F4B3FB060680}.Release|Any CPU.ActiveCfg = Release|Any CPU
		{C8538C05-31BD-417C-85DC-F4B3FB060680}.Release|Any CPU.Build.0 = Release|Any CPU
	EndGlobalSection
	GlobalSection(SolutionProperties) = preSolution
		HideSolutionNode = FALSE
	EndGlobalSection
	GlobalSection(ExtensibilityGlobals) = postSolution
		SolutionGuid = {A603DCBB-3FDD-48DB-9B49-B193CAC5EB8C}
	EndGlobalSection
EndGlobal
